
Microsoft Visual Studio Solution File, Format Version 12.00
# Visual Studio Version 16
VisualStudioVersion = 16.0.31019.35
MinimumVisualStudioVersion = 10.0.40219.1
Project("{FAE04EC0-301F-11D3-BF4B-00C04F79EFBC}") = "IPBlock", "IPBlock\IPBlock.csproj", "{668DCC4B-3DB6-4631-A67E-0E64954656DE}"
EndProject
Global
	GlobalSection(SolutionConfigurationPlatforms) = preSolution
		Debug|Any CPU = Debug|Any CPU
		Release|Any CPU = Release|Any CPU
	EndGlobalSection
	GlobalSection(ProjectConfigurationPlatforms) = postSolution
		{668DCC4B-3DB6-4631-A67E-0E64954656DE}.Debug|Any CPU.ActiveCfg = Debug|Any CPU
		{668DCC4B-3DB6-4631-A67E-0E64954656DE}.Debug|Any CPU.Build.0 = Debug|Any CPU
		{668DCC4B-3DB6-4631-A67E-0E64954656DE}.Release|Any CPU.ActiveCfg = Release|Any CPU
		{668DCC4B-3DB6-4631-A67E-0E64954656DE}.Release|Any CPU.Build.0 = Release|Any CPU
	EndGlobalSection
	GlobalSection(SolutionProperties) = preSolution
		HideSolutionNode = FALSE
	EndGlobalSection
	GlobalSection(ExtensibilityGlobals) = postSolution
		SolutionGuid = {7DB168C7-BE32-4EBF-92F7-523060A9B6D5}
	EndGlobalSection
EndGlobal
